
Microsoft Visual Studio Solution File, Format Version 12.00
# Visual Studio Version 17
VisualStudioVersion = 17.3.32804.467
MinimumVisualStudioVersion = 10.0.40219.1
Project("{FAE04EC0-301F-11D3-BF4B-00C04F79EFBC}") = "jenkins", "jenkins\jenkins.csproj", "{7F9DFB44-8F51-4233-84F3-FDB8FB3D8468}"
EndProject
Global
	GlobalSection(SolutionConfigurationPlatforms) = preSolution
		Debug|Any CPU = Debug|Any CPU
		Release|Any CPU = Release|Any CPU
	EndGlobalSection
	GlobalSection(ProjectConfigurationPlatforms) = postSolution
		{7F9DFB44-8F51-4233-84F3-FDB8FB3D8468}.Debug|Any CPU.ActiveCfg = Debug|Any CPU
		{7F9DFB44-8F51-4233-84F3-FDB8FB3D8468}.Debug|Any CPU.Build.0 = Debug|Any CPU
		{7F9DFB44-8F51-4233-84F3-FDB8FB3D8468}.Release|Any CPU.ActiveCfg = Release|Any CPU
		{7F9DFB44-8F51-4233-84F3-FDB8FB3D8468}.Release|Any CPU.Build.0 = Release|Any CPU
	EndGlobalSection
	GlobalSection(SolutionProperties) = preSolution
		HideSolutionNode = FALSE
	EndGlobalSection
	GlobalSection(ExtensibilityGlobals) = postSolution
		SolutionGuid = {778E1F29-1C4A-43C0-A950-1ABDD63853D4}
	EndGlobalSection
EndGlobal
